
Microsoft Visual Studio Solution File, Format Version 12.00
# Visual Studio for Mac
Project("{FAE04EC0-301F-11D3-BF4B-00C04F79EFBC}") = "VuforiaScripts", "VuforiaScripts.csproj", "{708753C0-9FE0-60BE-A44F-77F2C4584982}"
EndProject
Project("{FAE04EC0-301F-11D3-BF4B-00C04F79EFBC}") = "Assembly-CSharp", "Assembly-CSharp.csproj", "{DF5C1CAC-0E01-0A4B-3E57-29B167B9B0B3}"
EndProject
Project("{FAE04EC0-301F-11D3-BF4B-00C04F79EFBC}") = "Assembly-CSharp-Editor-firstpass", "Assembly-CSharp-Editor-firstpass.csproj", "{84AC29C0-D841-3046-6E02-83940B8DAD16}"
EndProject
Project("{FAE04EC0-301F-11D3-BF4B-00C04F79EFBC}") = "VuforiaEditorScripts", "VuforiaEditorScripts.csproj", "{546FA0B8-330E-1F6F-95EA-6F9F71E7A0EE}"
EndProject
Global
	GlobalSection(SolutionConfigurationPlatforms) = preSolution
		Debug|Any CPU = Debug|Any CPU
		Release|Any CPU = Release|Any CPU
	EndGlobalSection
	GlobalSection(ProjectConfigurationPlatforms) = postSolution
		{708753C0-9FE0-60BE-A44F-77F2C4584982}.Debug|Any CPU.ActiveCfg = Debug|Any CPU
		{708753C0-9FE0-60BE-A44F-77F2C4584982}.Debug|Any CPU.Build.0 = Debug|Any CPU
		{708753C0-9FE0-60BE-A44F-77F2C4584982}.Release|Any CPU.ActiveCfg = Release|Any CPU
		{708753C0-9FE0-60BE-A44F-77F2C4584982}.Release|Any CPU.Build.0 = Release|Any CPU
		{DF5C1CAC-0E01-0A4B-3E57-29B167B9B0B3}.Debug|Any CPU.ActiveCfg = Debug|Any CPU
		{DF5C1CAC-0E01-0A4B-3E57-29B167B9B0B3}.Debug|Any CPU.Build.0 = Debug|Any CPU
		{DF5C1CAC-0E01-0A4B-3E57-29B167B9B0B3}.Release|Any CPU.ActiveCfg = Release|Any CPU
		{DF5C1CAC-0E01-0A4B-3E57-29B167B9B0B3}.Release|Any CPU.Build.0 = Release|Any CPU
		{84AC29C0-D841-3046-6E02-83940B8DAD16}.Debug|Any CPU.ActiveCfg = Debug|Any CPU
		{84AC29C0-D841-3046-6E02-83940B8DAD16}.Debug|Any CPU.Build.0 = Debug|Any CPU
		{84AC29C0-D841-3046-6E02-83940B8DAD16}.Release|Any CPU.ActiveCfg = Release|Any CPU
		{84AC29C0-D841-3046-6E02-83940B8DAD16}.Release|Any CPU.Build.0 = Release|Any CPU
		{546FA0B8-330E-1F6F-95EA-6F9F71E7A0EE}.Debug|Any CPU.ActiveCfg = Debug|Any CPU
		{546FA0B8-330E-1F6F-95EA-6F9F71E7A0EE}.Debug|Any CPU.Build.0 = Debug|Any CPU
		{546FA0B8-330E-1F6F-95EA-6F9F71E7A0EE}.Release|Any CPU.ActiveCfg = Release|Any CPU
		{546FA0B8-330E-1F6F-95EA-6F9F71E7A0EE}.Release|Any CPU.Build.0 = Release|Any CPU
	EndGlobalSection
	GlobalSection(SolutionProperties) = preSolution
		HideSolutionNode = FALSE
	EndGlobalSection
EndGlobal
