
Microsoft Visual Studio Solution File, Format Version 12.00
# Visual Studio for Mac
Project("{FAE04EC0-301F-11D3-BF4B-00C04F79EFBC}") = "VuforiaScripts", "VuforiaScripts.csproj", "{F19FBA3B-A725-EFA5-545B-833FE0A24952}"
EndProject
Project("{FAE04EC0-301F-11D3-BF4B-00C04F79EFBC}") = "Assembly-CSharp", "Assembly-CSharp.csproj", "{6996F4B4-DDC0-392F-9806-16AA40FEEB41}"
EndProject
Project("{FAE04EC0-301F-11D3-BF4B-00C04F79EFBC}") = "Assembly-CSharp-firstpass", "Assembly-CSharp-firstpass.csproj", "{637BFB3C-A85B-6896-C33E-4331D6D8B0F4}"
EndProject
Project("{FAE04EC0-301F-11D3-BF4B-00C04F79EFBC}") = "Assembly-CSharp-Editor-firstpass", "Assembly-CSharp-Editor-firstpass.csproj", "{C7A35DDC-D567-BC2B-BB21-E0FDED67D513}"
EndProject
Project("{FAE04EC0-301F-11D3-BF4B-00C04F79EFBC}") = "VuforiaEditorScripts", "VuforiaEditorScripts.csproj", "{7A5E2640-8004-9DDE-9ECE-ED1C18876975}"
EndProject
Global
	GlobalSection(SolutionConfigurationPlatforms) = preSolution
		Debug|Any CPU = Debug|Any CPU
		Release|Any CPU = Release|Any CPU
	EndGlobalSection
	GlobalSection(ProjectConfigurationPlatforms) = postSolution
		{F19FBA3B-A725-EFA5-545B-833FE0A24952}.Debug|Any CPU.ActiveCfg = Debug|Any CPU
		{F19FBA3B-A725-EFA5-545B-833FE0A24952}.Debug|Any CPU.Build.0 = Debug|Any CPU
		{F19FBA3B-A725-EFA5-545B-833FE0A24952}.Release|Any CPU.ActiveCfg = Release|Any CPU
		{F19FBA3B-A725-EFA5-545B-833FE0A24952}.Release|Any CPU.Build.0 = Release|Any CPU
		{6996F4B4-DDC0-392F-9806-16AA40FEEB41}.Debug|Any CPU.ActiveCfg = Debug|Any CPU
		{6996F4B4-DDC0-392F-9806-16AA40FEEB41}.Debug|Any CPU.Build.0 = Debug|Any CPU
		{6996F4B4-DDC0-392F-9806-16AA40FEEB41}.Release|Any CPU.ActiveCfg = Release|Any CPU
		{6996F4B4-DDC0-392F-9806-16AA40FEEB41}.Release|Any CPU.Build.0 = Release|Any CPU
		{637BFB3C-A85B-6896-C33E-4331D6D8B0F4}.Debug|Any CPU.ActiveCfg = Debug|Any CPU
		{637BFB3C-A85B-6896-C33E-4331D6D8B0F4}.Debug|Any CPU.Build.0 = Debug|Any CPU
		{637BFB3C-A85B-6896-C33E-4331D6D8B0F4}.Release|Any CPU.ActiveCfg = Release|Any CPU
		{637BFB3C-A85B-6896-C33E-4331D6D8B0F4}.Release|Any CPU.Build.0 = Release|Any CPU
		{C7A35DDC-D567-BC2B-BB21-E0FDED67D513}.Debug|Any CPU.ActiveCfg = Debug|Any CPU
		{C7A35DDC-D567-BC2B-BB21-E0FDED67D513}.Debug|Any CPU.Build.0 = Debug|Any CPU
		{C7A35DDC-D567-BC2B-BB21-E0FDED67D513}.Release|Any CPU.ActiveCfg = Release|Any CPU
		{C7A35DDC-D567-BC2B-BB21-E0FDED67D513}.Release|Any CPU.Build.0 = Release|Any CPU
		{7A5E2640-8004-9DDE-9ECE-ED1C18876975}.Debug|Any CPU.ActiveCfg = Debug|Any CPU
		{7A5E2640-8004-9DDE-9ECE-ED1C18876975}.Debug|Any CPU.Build.0 = Debug|Any CPU
		{7A5E2640-8004-9DDE-9ECE-ED1C18876975}.Release|Any CPU.ActiveCfg = Release|Any CPU
		{7A5E2640-8004-9DDE-9ECE-ED1C18876975}.Release|Any CPU.Build.0 = Release|Any CPU
	EndGlobalSection
	GlobalSection(SolutionProperties) = preSolution
		HideSolutionNode = FALSE
	EndGlobalSection
EndGlobal
